
Microsoft Visual Studio Solution File, Format Version 12.00
# Visual Studio Version 17
VisualStudioVersion = 17.14.36202.13
MinimumVisualStudioVersion = 10.0.40219.1
Project("{FAE04EC0-301F-11D3-BF4B-00C04F79EFBC}") = "ArchitectApp", "src\ArchitectApp\ArchitectApp.csproj", "{B0FF1572-801C-433D-A8C1-9A7093965760}"
EndProject
Global
	GlobalSection(SolutionConfigurationPlatforms) = preSolution
		Debug|Any CPU = Debug|Any CPU
		Release|Any CPU = Release|Any CPU
	EndGlobalSection
	GlobalSection(ProjectConfigurationPlatforms) = postSolution
		{B0FF1572-801C-433D-A8C1-9A7093965760}.Debug|Any CPU.ActiveCfg = Debug|Any CPU
		{B0FF1572-801C-433D-A8C1-9A7093965760}.Debug|Any CPU.Build.0 = Debug|Any CPU
		{B0FF1572-801C-433D-A8C1-9A7093965760}.Release|Any CPU.ActiveCfg = Release|Any CPU
		{B0FF1572-801C-433D-A8C1-9A7093965760}.Release|Any CPU.Build.0 = Release|Any CPU
	EndGlobalSection
	GlobalSection(SolutionProperties) = preSolution
		HideSolutionNode = FALSE
	EndGlobalSection
	GlobalSection(ExtensibilityGlobals) = postSolution
		SolutionGuid = {EB00F78B-7428-4B02-9E9C-13A54B18E68D}
	EndGlobalSection
EndGlobal
